
Microsoft Visual Studio Solution File, Format Version 12.00
# Visual Studio Version 16
VisualStudioVersion = 16.0.30621.155
MinimumVisualStudioVersion = 10.0.40219.1
Project("{FAE04EC0-301F-11D3-BF4B-00C04F79EFBC}") = "ChatApp With SignalR", "ChatApp With SignalR\ChatApp With SignalR.csproj", "{D05187D0-5FEF-4DE5-8CD3-171F13308717}"
EndProject
Project("{FAE04EC0-301F-11D3-BF4B-00C04F79EFBC}") = "SignalRHub", "SignalRHub\SignalRHub.csproj", "{2D20AF6A-F85F-4FE0-913C-B5ECFF77F2C6}"
EndProject
Global
	GlobalSection(SolutionConfigurationPlatforms) = preSolution
		Debug|Any CPU = Debug|Any CPU
		Release|Any CPU = Release|Any CPU
	EndGlobalSection
	GlobalSection(ProjectConfigurationPlatforms) = postSolution
		{D05187D0-5FEF-4DE5-8CD3-171F13308717}.Debug|Any CPU.ActiveCfg = Debug|Any CPU
		{D05187D0-5FEF-4DE5-8CD3-171F13308717}.Debug|Any CPU.Build.0 = Debug|Any CPU
		{D05187D0-5FEF-4DE5-8CD3-171F13308717}.Release|Any CPU.ActiveCfg = Release|Any CPU
		{D05187D0-5FEF-4DE5-8CD3-171F13308717}.Release|Any CPU.Build.0 = Release|Any CPU
		{2D20AF6A-F85F-4FE0-913C-B5ECFF77F2C6}.Debug|Any CPU.ActiveCfg = Debug|Any CPU
		{2D20AF6A-F85F-4FE0-913C-B5ECFF77F2C6}.Debug|Any CPU.Build.0 = Debug|Any CPU
		{2D20AF6A-F85F-4FE0-913C-B5ECFF77F2C6}.Release|Any CPU.ActiveCfg = Release|Any CPU
		{2D20AF6A-F85F-4FE0-913C-B5ECFF77F2C6}.Release|Any CPU.Build.0 = Release|Any CPU
	EndGlobalSection
	GlobalSection(SolutionProperties) = preSolution
		HideSolutionNode = FALSE
	EndGlobalSection
	GlobalSection(ExtensibilityGlobals) = postSolution
		SolutionGuid = {253A3595-9B47-46A3-A348-59A593D0C704}
	EndGlobalSection
EndGlobal
